Microsoft Visual Studio Solution File, Format Version 12.00
# Visual Studio Version 17
VisualStudioVersion = 17.5.2.0
MinimumVisualStudioVersion = 10.0.40219.1
Project("{FAE04EC0-301F-11D3-BF4B-00C04F79EFBC}") = "FileBlogSystem", "FileBlogSystem.csproj", "{F0ECE5D5-B583-87F0-C83D-4D30E863A4BB}"
EndProject
Global
	GlobalSection(SolutionConfigurationPlatforms) = preSolution
		Debug|Any CPU = Debug|Any CPU
		Release|Any CPU = Release|Any CPU
	EndGlobalSection
	GlobalSection(ProjectConfigurationPlatforms) = postSolution
		{F0ECE5D5-B583-87F0-C83D-4D30E863A4BB}.Debug|Any CPU.ActiveCfg = Debug|Any CPU
		{F0ECE5D5-B583-87F0-C83D-4D30E863A4BB}.Debug|Any CPU.Build.0 = Debug|Any CPU
		{F0ECE5D5-B583-87F0-C83D-4D30E863A4BB}.Release|Any CPU.ActiveCfg = Release|Any CPU
		{F0ECE5D5-B583-87F0-C83D-4D30E863A4BB}.Release|Any CPU.Build.0 = Release|Any CPU
	EndGlobalSection
	GlobalSection(SolutionProperties) = preSolution
		HideSolutionNode = FALSE
	EndGlobalSection
	GlobalSection(ExtensibilityGlobals) = postSolution
		SolutionGuid = {42FB9A30-7FCA-4272-969D-41F213A7CC80}
	EndGlobalSection
EndGlobal
